
Microsoft Visual Studio Solution File, Format Version 12.00
# Visual Studio 15
VisualStudioVersion = 15.0.28307.421
MinimumVisualStudioVersion = 10.0.40219.1
Project("{9A19103F-16F7-4668-BE54-9A1E7A4F7556}") = "UploadIt", "UploadIt\UploadIt.csproj", "{9AE2C24F-3EF6-4DD0-840E-82576768C107}"
EndProject
Project("{9A19103F-16F7-4668-BE54-9A1E7A4F7556}") = "UploadIt.Data", "UploadIt.Data\UploadIt.Data.csproj", "{D9C2AD2B-7E1E-4877-B631-089B32A33CC0}"
EndProject
Project("{9A19103F-16F7-4668-BE54-9A1E7A4F7556}") = "UploadIt.Services", "UploadIt.Services\UploadIt.Services.csproj", "{283F0A10-B1D9-40D8-A9DD-D97F41CDB200}"
EndProject
Global
	GlobalSection(SolutionConfigurationPlatforms) = preSolution
		Debug|Any CPU = Debug|Any CPU
		Release|Any CPU = Release|Any CPU
	EndGlobalSection
	GlobalSection(ProjectConfigurationPlatforms) = postSolution
		{9AE2C24F-3EF6-4DD0-840E-82576768C107}.Debug|Any CPU.ActiveCfg = Debug|Any CPU
		{9AE2C24F-3EF6-4DD0-840E-82576768C107}.Debug|Any CPU.Build.0 = Debug|Any CPU
		{9AE2C24F-3EF6-4DD0-840E-82576768C107}.Release|Any CPU.ActiveCfg = Release|Any CPU
		{9AE2C24F-3EF6-4DD0-840E-82576768C107}.Release|Any CPU.Build.0 = Release|Any CPU
		{D9C2AD2B-7E1E-4877-B631-089B32A33CC0}.Debug|Any CPU.ActiveCfg = Debug|Any CPU
		{D9C2AD2B-7E1E-4877-B631-089B32A33CC0}.Debug|Any CPU.Build.0 = Debug|Any CPU
		{D9C2AD2B-7E1E-4877-B631-089B32A33CC0}.Release|Any CPU.ActiveCfg = Release|Any CPU
		{D9C2AD2B-7E1E-4877-B631-089B32A33CC0}.Release|Any CPU.Build.0 = Release|Any CPU
		{283F0A10-B1D9-40D8-A9DD-D97F41CDB200}.Debug|Any CPU.ActiveCfg = Debug|Any CPU
		{283F0A10-B1D9-40D8-A9DD-D97F41CDB200}.Debug|Any CPU.Build.0 = Debug|Any CPU
		{283F0A10-B1D9-40D8-A9DD-D97F41CDB200}.Release|Any CPU.ActiveCfg = Release|Any CPU
		{283F0A10-B1D9-40D8-A9DD-D97F41CDB200}.Release|Any CPU.Build.0 = Release|Any CPU
	EndGlobalSection
	GlobalSection(SolutionProperties) = preSolution
		HideSolutionNode = FALSE
	EndGlobalSection
	GlobalSection(ExtensibilityGlobals) = postSolution
		SolutionGuid = {03C7A888-C11F-4AD9-9E82-9F211D78A6CC}
	EndGlobalSection
EndGlobal
